
Microsoft Visual Studio Solution File, Format Version 12.00
# Visual Studio Version 16
VisualStudioVersion = 16.0.29009.5
MinimumVisualStudioVersion = 10.0.40219.1
Project("{FAE04EC0-301F-11D3-BF4B-00C04F79EFBC}") = "testi", "testi\testi.csproj", "{A5C8C1DC-1787-4951-8399-F9F1343D9594}"
EndProject
Global
	GlobalSection(SolutionConfigurationPlatforms) = preSolution
		Debug|Any CPU = Debug|Any CPU
		Release|Any CPU = Release|Any CPU
	EndGlobalSection
	GlobalSection(ProjectConfigurationPlatforms) = postSolution
		{A5C8C1DC-1787-4951-8399-F9F1343D9594}.Debug|Any CPU.ActiveCfg = Debug|Any CPU
		{A5C8C1DC-1787-4951-8399-F9F1343D9594}.Debug|Any CPU.Build.0 = Debug|Any CPU
		{A5C8C1DC-1787-4951-8399-F9F1343D9594}.Release|Any CPU.ActiveCfg = Release|Any CPU
		{A5C8C1DC-1787-4951-8399-F9F1343D9594}.Release|Any CPU.Build.0 = Release|Any CPU
	EndGlobalSection
	GlobalSection(SolutionProperties) = preSolution
		HideSolutionNode = FALSE
	EndGlobalSection
	GlobalSection(ExtensibilityGlobals) = postSolution
		SolutionGuid = {ABD2B2D7-3BC7-4785-8906-E69D06F26527}
	EndGlobalSection
EndGlobal
